
Microsoft Visual Studio Solution File, Format Version 12.00
# Visual Studio Version 16
VisualStudioVersion = 25.0.1706.3
MinimumVisualStudioVersion = 10.0.40219.1
Project("{FAE04EC0-301F-11D3-BF4B-00C04F79EFBC}") = "WebApi", "WebApi\WebApi.csproj", "{FAD96AE3-2011-4503-87E2-4ABE85CB3120}"
EndProject
Project("{FAE04EC0-301F-11D3-BF4B-00C04F79EFBC}") = "Application", "Application\Application.csproj", "{E64049E2-0917-4821-A092-42BB34384E4E}"
EndProject
Project("{FAE04EC0-301F-11D3-BF4B-00C04F79EFBC}") = "Application.Contracts", "Application.Contracts\Application.Contracts.csproj", "{B8965DA0-A4A7-4238-92C7-E945D36AE0C1}"
EndProject
Project("{FAE04EC0-301F-11D3-BF4B-00C04F79EFBC}") = "Data", "Data\Data.csproj", "{EEB0732E-8710-485F-A2B5-655CC2298F41}"
EndProject
Project("{FAE04EC0-301F-11D3-BF4B-00C04F79EFBC}") = "Domain.Shared", "Domain.Shared\Domain.Shared.csproj", "{D02FD3CD-7B28-4B26-BF17-2AA9370A03DD}"
EndProject
Project("{FAE04EC0-301F-11D3-BF4B-00C04F79EFBC}") = "Domain", "Domain\Domain.csproj", "{E2FB951E-7CE6-4708-AAFF-C7C352649DAB}"
EndProject
Project("{FAE04EC0-301F-11D3-BF4B-00C04F79EFBC}") = "Common", "Common\Common.csproj", "{0FADCDA3-EE12-43D7-8D83-91FA99E6E3FF}"
EndProject
Project("{2150E333-8FDC-42A3-9474-1A3956D46DE8}") = "Solution Items", "Solution Items", "{08DE4B01-36FF-46BD-A380-33523A71372C}"
	ProjectSection(SolutionItems) = preProject
		Dockerfile = Dockerfile
		README.md = README.md
		docker-compose.yml = docker-compose.yml
		4create-test.postman_collection.json = 4create-test.postman_collection.json
	EndProjectSection
EndProject
Global
	GlobalSection(SolutionConfigurationPlatforms) = preSolution
		Debug|Any CPU = Debug|Any CPU
		Release|Any CPU = Release|Any CPU
	EndGlobalSection
	GlobalSection(ProjectConfigurationPlatforms) = postSolution
		{FAD96AE3-2011-4503-87E2-4ABE85CB3120}.Debug|Any CPU.ActiveCfg = Debug|Any CPU
		{FAD96AE3-2011-4503-87E2-4ABE85CB3120}.Debug|Any CPU.Build.0 = Debug|Any CPU
		{FAD96AE3-2011-4503-87E2-4ABE85CB3120}.Release|Any CPU.ActiveCfg = Release|Any CPU
		{FAD96AE3-2011-4503-87E2-4ABE85CB3120}.Release|Any CPU.Build.0 = Release|Any CPU
		{E64049E2-0917-4821-A092-42BB34384E4E}.Debug|Any CPU.ActiveCfg = Debug|Any CPU
		{E64049E2-0917-4821-A092-42BB34384E4E}.Debug|Any CPU.Build.0 = Debug|Any CPU
		{E64049E2-0917-4821-A092-42BB34384E4E}.Release|Any CPU.ActiveCfg = Release|Any CPU
		{E64049E2-0917-4821-A092-42BB34384E4E}.Release|Any CPU.Build.0 = Release|Any CPU
		{B8965DA0-A4A7-4238-92C7-E945D36AE0C1}.Debug|Any CPU.ActiveCfg = Debug|Any CPU
		{B8965DA0-A4A7-4238-92C7-E945D36AE0C1}.Debug|Any CPU.Build.0 = Debug|Any CPU
		{B8965DA0-A4A7-4238-92C7-E945D36AE0C1}.Release|Any CPU.ActiveCfg = Release|Any CPU
		{B8965DA0-A4A7-4238-92C7-E945D36AE0C1}.Release|Any CPU.Build.0 = Release|Any CPU
		{EEB0732E-8710-485F-A2B5-655CC2298F41}.Debug|Any CPU.ActiveCfg = Debug|Any CPU
		{EEB0732E-8710-485F-A2B5-655CC2298F41}.Debug|Any CPU.Build.0 = Debug|Any CPU
		{EEB0732E-8710-485F-A2B5-655CC2298F41}.Release|Any CPU.ActiveCfg = Release|Any CPU
		{EEB0732E-8710-485F-A2B5-655CC2298F41}.Release|Any CPU.Build.0 = Release|Any CPU
		{D02FD3CD-7B28-4B26-BF17-2AA9370A03DD}.Debug|Any CPU.ActiveCfg = Debug|Any CPU
		{D02FD3CD-7B28-4B26-BF17-2AA9370A03DD}.Debug|Any CPU.Build.0 = Debug|Any CPU
		{D02FD3CD-7B28-4B26-BF17-2AA9370A03DD}.Release|Any CPU.ActiveCfg = Release|Any CPU
		{D02FD3CD-7B28-4B26-BF17-2AA9370A03DD}.Release|Any CPU.Build.0 = Release|Any CPU
		{E2FB951E-7CE6-4708-AAFF-C7C352649DAB}.Debug|Any CPU.ActiveCfg = Debug|Any CPU
		{E2FB951E-7CE6-4708-AAFF-C7C352649DAB}.Debug|Any CPU.Build.0 = Debug|Any CPU
		{E2FB951E-7CE6-4708-AAFF-C7C352649DAB}.Release|Any CPU.ActiveCfg = Release|Any CPU
		{E2FB951E-7CE6-4708-AAFF-C7C352649DAB}.Release|Any CPU.Build.0 = Release|Any CPU
		{0FADCDA3-EE12-43D7-8D83-91FA99E6E3FF}.Debug|Any CPU.ActiveCfg = Debug|Any CPU
		{0FADCDA3-EE12-43D7-8D83-91FA99E6E3FF}.Debug|Any CPU.Build.0 = Debug|Any CPU
		{0FADCDA3-EE12-43D7-8D83-91FA99E6E3FF}.Release|Any CPU.ActiveCfg = Release|Any CPU
		{0FADCDA3-EE12-43D7-8D83-91FA99E6E3FF}.Release|Any CPU.Build.0 = Release|Any CPU
	EndGlobalSection
	GlobalSection(SolutionProperties) = preSolution
		HideSolutionNode = FALSE
	EndGlobalSection
	GlobalSection(ExtensibilityGlobals) = postSolution
		SolutionGuid = {BC526C6C-5B17-4147-A1DD-F8BE3730A016}
	EndGlobalSection
	GlobalSection(MonoDevelopProperties) = preSolution
		Policies = $0
		$0.DotNetNamingPolicy = $1
		$1.DirectoryNamespaceAssociation = PrefixedHierarchical
		$0.TextStylePolicy = $2
		$2.inheritsSet = null
		$2.scope = text/x-csharp
		$0.CSharpFormattingPolicy = $3
		$3.scope = text/x-csharp
		$0.TextStylePolicy = $4
		$4.FileWidth = 80
		$4.TabsToSpaces = True
		$4.scope = text/plain
		$0.TextStylePolicy = $5
		$5.inheritsSet = null
		$5.scope = text/x-json
		$0.TextStylePolicy = $6
		$6.inheritsSet = null
		$6.scope = text/x-vs
	EndGlobalSection
EndGlobal
